apiVersion: argoproj.io/v1alpha1
kind: ApplicationSet
metadata:
  name: core-backplane-storage-block
  namespace: argocd
spec:
  generators:
    - list:
        elements:
          - cluster: k0s-cntrl
            url: https://10.1.1.40:443

  template:
    metadata:
      name: '{{cluster}}-blockstorage'

      annotations:
        argocd.argoproj.io/manifest-generate-paths: .



    spec:
      project: core

      ignoreDifferences:
        - group: storage.k8s.io
          kind: CSIDriver
          jqPathExpressions:
            - .spec.seLinuxMount

      syncPolicy:
        syncOptions:
          - ServerSideApply=true
          - RespectIgnoreDifferences=true

      source:
        path: Storage/Block
        repoURL: https://gitlab.git.writemy.codes/KJDev/CORE-Backplane.git
        targetRevision: HEAD
        plugin:
          name: argocd-lovely-plugin

      destination:
        server: '{{url}}'
        namespace: core-prod
